// !$*UTF8*$!
{
	archiveVersion = 1;
	classes = {
	};
	objectVersion = 50;
	objects = {

/* Begin PBXBuildFile section */
		58440E9B236482A800938096 /* AppDelegate.swift in Sources */ = {isa = PBXBuildFile; fileRef = 58440E9A236482A800938096 /* AppDelegate.swift */; };
		58440E9D236482A800938096 /* ViewController.swift in Sources */ = {isa = PBXBuildFile; fileRef = 58440E9C236482A800938096 /* ViewController.swift */; };
		58440EA0236482A800938096 /* Main.storyboard in Resources */ = {isa = PBXBuildFile; fileRef = 58440E9E236482A800938096 /* Main.storyboard */; };
		58440EA2236482A900938096 /* Assets.xcassets in Resources */ = {isa = PBXBuildFile; fileRef = 58440EA1236482A900938096 /* Assets.xcassets */; };
		58440EA5236482A900938096 /* LaunchScreen.storyboard in Resources */ = {isa = PBXBuildFile; fileRef = 58440EA3236482A900938096 /* LaunchScreen.storyboard */; };
		EC38BEE3BA49C544BC6698C3 /* Pods_douyin.framework in Frameworks */ = {isa = PBXBuildFile; fileRef = 3B42FCE5AB05B54E0C303B22 /* Pods_douyin.framework */; };
/* End PBXBuildFile section */

/* Begin PBXFileReference section */
		3B42FCE5AB05B54E0C303B22 /* Pods_douyin.framework */ = {isa = PBXFileReference; explicitFileType = wrapper.framework; includeInIndex = 0; path = Pods_douyin.framework; sourceTree = BUILT_PRODUCTS_DIR; };
		58440E97236482A800938096 /* douyin.app */ = {isa = PBXFileReference; explicitFileType = wrapper.application; includeInIndex = 0; path = douyin.app; sourceTree = BUILT_PRODUCTS_DIR; };
		58440E9A236482A800938096 /* AppDelegate.swift */ = {isa = PBXFileReference; lastKnownFileType = sourcecode.swift; path = AppDelegate.swift; sourceTree = "<group>"; };
		58440E9C236482A800938096 /* ViewController.swift */ = {isa = PBXFileReference; lastKnownFileType = sourcecode.swift; path = ViewController.swift; sourceTree = "<group>"; };
		58440E9F236482A800938096 /* Base */ = {isa = PBXFileReference; lastKnownFileType = file.storyboard; name = Base; path = Base.lproj/Main.storyboard; sourceTree = "<group>"; };
		58440EA1236482A900938096 /* Assets.xcassets */ = {isa = PBXFileReference; lastKnownFileType = folder.assetcatalog; path = Assets.xcassets; sourceTree = "<group>"; };
		58440EA4236482A900938096 /* Base */ = {isa = PBXFileReference; lastKnownFileType = file.storyboard; name = Base; path = Base.lproj/LaunchScreen.storyboard; sourceTree = "<group>"; };
		58440EA6236482A900938096 /* Info.plist */ = {isa = PBXFileReference; lastKnownFileType = text.plist.xml; path = Info.plist; sourceTree = "<group>"; };
		A150A31B1F7EF0FB7B0E0F52 /* Pods-douyin.release.xcconfig */ = {isa = PBXFileReference; includeInIndex = 1; lastKnownFileType = text.xcconfig; name = "Pods-douyin.release.xcconfig"; path = "Target Support Files/Pods-douyin/Pods-douyin.release.xcconfig"; sourceTree = "<group>"; };
		E7F4C70285F86ACA385A2CAE /* Pods-douyin.debug.xcconfig */ = {isa = PBXFileReference; includeInIndex = 1; lastKnownFileType = text.xcconfig; name = "Pods-douyin.debug.xcconfig"; path = "Target Support Files/Pods-douyin/Pods-douyin.debug.xcconfig"; sourceTree = "<group>"; };
/* End PBXFileReference section */

/* Begin PBXFrameworksBuildPhase section */
		58440E94236482A800938096 /* Frameworks */ = {
			isa = PBXFrameworksBuildPhase;
			buildActionMask = 2147483647;
			files = (
				EC38BEE3BA49C544BC6698C3 /* Pods_douyin.framework in Frameworks */,
			);
			runOnlyForDeploymentPostprocessing = 0;
		};
/* End PBXFrameworksBuildPhase section */

/* Begin PBXGroup section */
		3CD4F782E54D419EE0EC0CDC /* Pods */ = {
			isa = PBXGroup;
			children = (
				E7F4C70285F86ACA385A2CAE /* Pods-douyin.debug.xcconfig */,
				A150A31B1F7EF0FB7B0E0F52 /* Pods-douyin.release.xcconfig */,
			);
			name = Pods;
			path = Pods;
			sourceTree = "<group>";
		};
		58440E8E236482A800938096 = {
			isa = PBXGroup;
			children = (
				58440E99236482A800938096 /* douyin */,
				58440E98236482A800938096 /* Products */,
				3CD4F782E54D419EE0EC0CDC /* Pods */,
				9EC1FD8087B9D8479DB86FCE /* Frameworks */,
			);
			sourceTree = "<group>";
		};
		58440E98236482A800938096 /* Products */ = {
			isa = PBXGroup;
			children = (
				58440E97236482A800938096 /* douyin.app */,
			);
			name = Products;
			sourceTree = "<group>";
		};
		58440E99236482A800938096 /* douyin */ = {
			isa = PBXGroup;
			children = (
				58440E9A236482A800938096 /* AppDelegate.swift */,
				58440E9C236482A800938096 /* ViewController.swift */,
				58440E9E236482A800938096 /* Main.storyboard */,
				58440EA1236482A900938096 /* Assets.xcassets */,
				58440EA3236482A900938096 /* LaunchScreen.storyboard */,
				58440EA6236482A900938096 /* Info.plist */,
			);
			path = douyin;
			sourceTree = "<group>";
		};
		9EC1FD8087B9D8479DB86FCE /* Frameworks */ = {
			isa = PBXGroup;
			children = (
				3B42FCE5AB05B54E0C303B22 /* Pods_douyin.framework */,
			);
			name = Frameworks;
			sourceTree = "<group>";
		};
/* End PBXGroup section */

/* Begin PBXNativeTarget section */
		58440E96236482A800938096 /* douyin */ = {
			isa = PBXNativeTarget;
			buildConfigurationList = 58440EA9236482A900938096 /* Build configuration list for PBXNativeTarget "douyin" */;
			buildPhases = (
				5725206016A3CAAA3DDEE0AB /* [CP] Check Pods Manifest.lock */,
				58440E93236482A800938096 /* Sources */,
				58440E94236482A800938096 /* Frameworks */,
				58440E95236482A800938096 /* Resources */,
				26C26EC568ADB03538408E3D /* [CP] Embed Pods Frameworks */,
			);
			buildRules = (
			);
			dependencies = (
			);
			name = douyin;
			productName = douyin;
			productReference = 58440E97236482A800938096 /* douyin.app */;
			productType = "com.apple.product-type.application";
		};
/* End PBXNativeTarget section */

/* Begin PBXProject section */
		58440E8F236482A800938096 /* Project object */ = {
			isa = PBXProject;
			attributes = {
				LastSwiftUpdateCheck = 1020;
				LastUpgradeCheck = 1020;
				ORGANIZATIONNAME = xiongbk;
				TargetAttributes = {
					58440E96236482A800938096 = {
						CreatedOnToolsVersion = 10.2;
					};
				};
			};
			buildConfigurationList = 58440E92236482A800938096 /* Build configuration list for PBXProject "douyin" */;
			compatibilityVersion = "Xcode 9.3";
			developmentRegion = en;
			hasScannedForEncodings = 0;
			knownRegions = (
				en,
				Base,
			);
			mainGroup = 58440E8E236482A800938096;
			productRefGroup = 58440E98236482A800938096 /* Products */;
			projectDirPath = "";
			projectRoot = "";
			targets = (
				58440E96236482A800938096 /* douyin */,
			);
		};
/* End PBXProject section */

/* Begin PBXResourcesBuildPhase section */
		58440E95236482A800938096 /* Resources */ = {
			isa = PBXResourcesBuildPhase;
			buildActionMask = 2147483647;
			files = (
				58440EA5236482A900938096 /* LaunchScreen.storyboard in Resources */,
				58440EA2236482A900938096 /* Assets.xcassets in Resources */,
				58440EA0236482A800938096 /* Main.storyboard in Resources */,
			);
			runOnlyForDeploymentPostprocessing = 0;
		};
/* End PBXResourcesBuildPhase section */

/* Begin PBXShellScriptBuildPhase section */
		26C26EC568ADB03538408E3D /* [CP] Embed Pods Frameworks */ = {
			isa = PBXShellScriptBuildPhase;
			buildActionMask = 2147483647;
			files = (
			);
			inputFileListPaths = (
			);
			inputPaths = (
				"${PODS_ROOT}/Target Support Files/Pods-douyin/Pods-douyin-frameworks.sh",
				"${BUILT_PRODUCTS_DIR}/AFNetworking/AFNetworking.framework",
				"${BUILT_PRODUCTS_DIR}/SnapKit/SnapKit.framework",
			);
			name = "[CP] Embed Pods Frameworks";
			outputFileListPaths = (
			);
			outputPaths = (
				"${TARGET_BUILD_DIR}/${FRAMEWORKS_FOLDER_PATH}/AFNetworking.framework",
				"${TARGET_BUILD_DIR}/${FRAMEWORKS_FOLDER_PATH}/SnapKit.framework",
			);
			runOnlyForDeploymentPostprocessing = 0;
			shellPath = /bin/sh;
			shellScript = "\"${PODS_ROOT}/Target Support Files/Pods-douyin/Pods-douyin-frameworks.sh\"\n";
			showEnvVarsInLog = 0;
		};
		5725206016A3CAAA3DDEE0AB /* [CP] Check Pods Manifest.lock */ = {
			isa = PBXShellScriptBuildPhase;
			buildActionMask = 2147483647;
			files = (
			);
			inputFileListPaths = (
			);
			inputPaths = (
				"${PODS_PODFILE_DIR_PATH}/Podfile.lock",
				"${PODS_ROOT}/Manifest.lock",
			);
			name = "[CP] Check Pods Manifest.lock";
			outputFileListPaths = (
			);
			outputPaths = (
				"$(DERIVED_FILE_DIR)/Pods-douyin-checkManifestLockResult.txt",
			);
			runOnlyForDeploymentPostprocessing = 0;
			shellPath = /bin/sh;
			shellScript = "diff \"${PODS_PODFILE_DIR_PATH}/Podfile.lock\" \"${PODS_ROOT}/Manifest.lock\" > /dev/null\nif [ $? != 0 ] ; then\n    # print error to STDERR\n    echo \"error: The sandbox is not in sync with the Podfile.lock. Run 'pod install' or update your CocoaPods installation.\" >&2\n    exit 1\nfi\n# This output is used by Xcode 'outputs' to avoid re-running this script phase.\necho \"SUCCESS\" > \"${SCRIPT_OUTPUT_FILE_0}\"\n";
			showEnvVarsInLog = 0;
		};
/* End PBXShellScriptBuildPhase section */

/* Begin PBXSourcesBuildPhase section */
		58440E93236482A800938096 /* Sources */ = {
			isa = PBXSourcesBuildPhase;
			buildActionMask = 2147483647;
			files = (
				58440E9D236482A800938096 /* ViewController.swift in Sources */,
				58440E9B236482A800938096 /* AppDelegate.swift in Sources */,
			);
			runOnlyForDeploymentPostprocessing = 0;
		};
/* End PBXSourcesBuildPhase section */

/* Begin PBXVariantGroup section */
		58440E9E236482A800938096 /* Main.storyboard */ = {
			isa = PBXVariantGroup;
			children = (
				58440E9F236482A800938096 /* Base */,
			);
			name = Main.storyboard;
			sourceTree = "<group>";
		};
		58440EA3236482A900938096 /* LaunchScreen.storyboard */ = {
			isa = PBXVariantGroup;
			children = (
				58440EA4236482A900938096 /* Base */,
			);
			name = LaunchScreen.storyboard;
			sourceTree = "<group>";
		};
/* End PBXVariantGroup section */

/* Begin XCBuildConfiguration section */
		58440EA7236482A900938096 /* Debug */ = {
			isa = XCBuildConfiguration;
			buildSettings = {
				ALWAYS_SEARCH_USER_PATHS = NO;
				CLANG_ANALYZER_NONNULL = YES;
				CLANG_ANALYZER_NUMBER_OBJECT_CONVERSION = YES_AGGRESSIVE;
				CLANG_CXX_LANGUAGE_STANDARD = "gnu++14";
				CLANG_CXX_LIBRARY = "libc++";
				CLANG_ENABLE_MODULES = YES;
				CLANG_ENABLE_OBJC_ARC = YES;
				CLANG_ENABLE_OBJC_WEAK = YES;
				CLANG_WARN_BLOCK_CAPTURE_AUTORELEASING = YES;
				CLANG_WARN_BOOL_CONVERSION = YES;
				CLANG_WARN_COMMA = YES;
				CLANG_WARN_CONSTANT_CONVERSION = YES;
				CLANG_WARN_DEPRECATED_OBJC_IMPLEMENTATIONS = YES;
				CLANG_WARN_DIRECT_OBJC_ISA_USAGE = YES_ERROR;
				CLANG_WARN_DOCUMENTATION_COMMENTS = YES;
				CLANG_WARN_EMPTY_BODY = YES;
				CLANG_WARN_ENUM_CONVERSION = YES;
				CLANG_WARN_INFINITE_RECURSION = YES;
				CLANG_WARN_INT_CONVERSION = YES;
				CLANG_WARN_NON_LITERAL_NULL_CONVERSION = YES;
				CLANG_WARN_OBJC_IMPLICIT_RETAIN_SELF = YES;
				CLANG_WARN_OBJC_LITERAL_CONVERSION = YES;
				CLANG_WARN_OBJC_ROOT_CLASS = YES_ERROR;
				CLANG_WARN_RANGE_LOOP_ANALYSIS = YES;
				CLANG_WARN_STRICT_PROTOTYPES = YES;
				CLANG_WARN_SUSPICIOUS_MOVE = YES;
				CLANG_WARN_UNGUARDED_AVAILABILITY = YES_AGGRESSIVE;
				CLANG_WARN_UNREACHABLE_CODE = YES;
				CLANG_WARN__DUPLICATE_METHOD_MATCH = YES;
				CODE_SIGN_IDENTITY = "iPhone Developer";
				COPY_PHASE_STRIP = NO;
				DEBUG_INFORMATION_FORMAT = dwarf;
				ENABLE_STRICT_OBJC_MSGSEND = YES;
				ENABLE_TESTABILITY = YES;
				GCC_C_LANGUAGE_STANDARD = gnu11;
				GCC_DYNAMIC_NO_PIC = NO;
				GCC_NO_COMMON_BLOCKS = YES;
				GCC_OPTIMIZATION_LEVEL = 0;
				GCC_PREPROCESSOR_DEFINITIONS = (
					"DEBUG=1",
					"$(inherited)",
				);
				GCC_WARN_64_TO_32_BIT_CONVERSION = YES;
				GCC_WARN_ABOUT_RETURN_TYPE = YES_ERROR;
				GCC_WARN_UNDECLARED_SELECTOR = YES;
				GCC_WARN_UNINITIALIZED_AUTOS = YES_AGGRESSIVE;
				GCC_WARN_UNUSED_FUNCTION = YES;
				GCC_WARN_UNUSED_VARIABLE = YES;
				IPHONEOS_DEPLOYMENT_TARGET = 12.2;
				MTL_ENABLE_DEBUG_INFO = INCLUDE_SOURCE;
				MTL_FAST_MATH = YES;
				ONLY_ACTIVE_ARCH = YES;
				SDKROOT = iphoneos;
				SWIFT_ACTIVE_COMPILATION_CONDITIONS = DEBUG;
				SWIFT_OPTIMIZATION_LEVEL = "-Onone";
			};
			name = Debug;
		};
		58440EA8236482A900938096 /* Release */ = {
			isa = XCBuildConfiguration;
			buildSettings = {
				ALWAYS_SEARCH_USER_PATHS = NO;
				CLANG_ANALYZER_NONNULL = YES;
				CLANG_ANALYZER_NUMBER_OBJECT_CONVERSION = YES_AGGRESSIVE;
				CLANG_CXX_LANGUAGE_STANDARD = "gnu++14";
				CLANG_CXX_LIBRARY = "libc++";
				CLANG_ENABLE_MODULES = YES;
				CLANG_ENABLE_OBJC_ARC = YES;
				CLANG_ENABLE_OBJC_WEAK = YES;
				CLANG_WARN_BLOCK_CAPTURE_AUTORELEASING = YES;
				CLANG_WARN_BOOL_CONVERSION = YES;
				CLANG_WARN_COMMA = YES;
				CLANG_WARN_CONSTANT_CONVERSION = YES;
				CLANG_WARN_DEPRECATED_OBJC_IMPLEMENTATIONS = YES;
				CLANG_WARN_DIRECT_OBJC_ISA_USAGE = YES_ERROR;
				CLANG_WARN_DOCUMENTATION_COMMENTS = YES;
				CLANG_WARN_EMPTY_BODY = YES;
				CLANG_WARN_ENUM_CONVERSION = YES;
				CLANG_WARN_INFINITE_RECURSION = YES;
				CLANG_WARN_INT_CONVERSION = YES;
				CLANG_WARN_NON_LITERAL_NULL_CONVERSION = YES;
				CLANG_WARN_OBJC_IMPLICIT_RETAIN_SELF = YES;
				CLANG_WARN_OBJC_LITERAL_CONVERSION = YES;
				CLANG_WARN_OBJC_ROOT_CLASS = YES_ERROR;
				CLANG_WARN_RANGE_LOOP_ANALYSIS = YES;
				CLANG_WARN_STRICT_PROTOTYPES = YES;
				CLANG_WARN_SUSPICIOUS_MOVE = YES;
				CLANG_WARN_UNGUARDED_AVAILABILITY = YES_AGGRESSIVE;
				CLANG_WARN_UNREACHABLE_CODE = YES;
				CLANG_WARN__DUPLICATE_METHOD_MATCH = YES;
				CODE_SIGN_IDENTITY = "iPhone Developer";
				COPY_PHASE_STRIP = NO;
				DEBUG_INFORMATION_FORMAT = "dwarf-with-dsym";
				ENABLE_NS_ASSERTIONS = NO;
				ENABLE_STRICT_OBJC_MSGSEND = YES;
				GCC_C_LANGUAGE_STANDARD = gnu11;
				GCC_NO_COMMON_BLOCKS = YES;
				GCC_WARN_64_TO_32_BIT_CONVERSION = YES;
				GCC_WARN_ABOUT_RETURN_TYPE = YES_ERROR;
				GCC_WARN_UNDECLARED_SELECTOR = YES;
				GCC_WARN_UNINITIALIZED_AUTOS = YES_AGGRESSIVE;
				GCC_WARN_UNUSED_FUNCTION = YES;
				GCC_WARN_UNUSED_VARIABLE = YES;
				IPHONEOS_DEPLOYMENT_TARGET = 12.2;
				MTL_ENABLE_DEBUG_INFO = NO;
				MTL_FAST_MATH = YES;
				SDKROOT = iphoneos;
				SWIFT_COMPILATION_MODE = wholemodule;
				SWIFT_OPTIMIZATION_LEVEL = "-O";
				VALIDATE_PRODUCT = YES;
			};
			name = Release;
		};
		58440EAA236482A900938096 /* Debug */ = {
			isa = XCBuildConfiguration;
			baseConfigurationReference = E7F4C70285F86ACA385A2CAE /* Pods-douyin.debug.xcconfig */;
			buildSettings = {
				ASSETCATALOG_COMPILER_APPICON_NAME = AppIcon;
				CODE_SIGN_STYLE = Automatic;
				DEVELOPMENT_TEAM = KNBA4MPFNF;
				INFOPLIST_FILE = douyin/Info.plist;
				LD_RUNPATH_SEARCH_PATHS = (
					"$(inherited)",
					"@executable_path/Frameworks",
				);
				PRODUCT_BUNDLE_IDENTIFIER = bkxiong.douyin;
				PRODUCT_NAME = "$(TARGET_NAME)";
				SWIFT_VERSION = 5.0;
				TARGETED_DEVICE_FAMILY = "1,2";
			};
			name = Debug;
		};
		58440EAB236482A900938096 /* Release */ = {
			isa = XCBuildConfiguration;
			baseConfigurationReference = A150A31B1F7EF0FB7B0E0F52 /* Pods-douyin.release.xcconfig */;
			buildSettings = {
				ASSETCATALOG_COMPILER_APPICON_NAME = AppIcon;
				CODE_SIGN_STYLE = Automatic;
				DEVELOPMENT_TEAM = KNBA4MPFNF;
				INFOPLIST_FILE = douyin/Info.plist;
				LD_RUNPATH_SEARCH_PATHS = (
					"$(inherited)",
					"@executable_path/Frameworks",
				);
				PRODUCT_BUNDLE_IDENTIFIER = bkxiong.douyin;
				PRODUCT_NAME = "$(TARGET_NAME)";
				SWIFT_VERSION = 5.0;
				TARGETED_DEVICE_FAMILY = "1,2";
			};
			name = Release;
		};
/* End XCBuildConfiguration section */

/* Begin XCConfigurationList section */
		58440E92236482A800938096 /* Build configuration list for PBXProject "douyin" */ = {
			isa = XCConfigurationList;
			buildConfigurations = (
				58440EA7236482A900938096 /* Debug */,
				58440EA8236482A900938096 /* Release */,
			);
			defaultConfigurationIsVisible = 0;
			defaultConfigurationName = Release;
		};
		58440EA9236482A900938096 /* Build configuration list for PBXNativeTarget "douyin" */ = {
			isa = XCConfigurationList;
			buildConfigurations = (
				58440EAA236482A900938096 /* Debug */,
				58440EAB236482A900938096 /* Release */,
			);
			defaultConfigurationIsVisible = 0;
			defaultConfigurationName = Release;
		};
/* End XCConfigurationList section */
	};
	rootObject = 58440E8F236482A800938096 /* Project object */;
}
